
Microsoft Visual Studio Solution File, Format Version 12.00
# Visual Studio Version 16
VisualStudioVersion = 16.0.29519.87
MinimumVisualStudioVersion = 10.0.40219.1
Project("{FAE04EC0-301F-11D3-BF4B-00C04F79EFBC}") = "WebApp.Core", "WebApp.Core\WebApp.Core.csproj", "{AC4B64D3-2EE3-4665-A8EC-CBA0001853E5}"
EndProject
Project("{FAE04EC0-301F-11D3-BF4B-00C04F79EFBC}") = "WebApp.Services", "WebApp.Services\WebApp.Services.csproj", "{DFDDAA64-5608-481E-B02A-5D1443AD7A45}"
EndProject
Project("{FAE04EC0-301F-11D3-BF4B-00C04F79EFBC}") = "WebApp.DataAccess.SQL", "WebApp.DataAccess.SQL\WebApp.DataAccess.SQL.csproj", "{0E3ECEA1-60CF-4DF0-8841-A5B47FBC0FE9}"
EndProject
Project("{FAE04EC0-301F-11D3-BF4B-00C04F79EFBC}") = "WebApp.DataAccess.InMemory", "WebApp.DataAccess.InMemory\WebApp.DataAccess.InMemory.csproj", "{7166449E-D499-4552-A326-FBC97507BE57}"
EndProject
Project("{FAE04EC0-301F-11D3-BF4B-00C04F79EFBC}") = "WebApp.WebUI", "WebApp.WebUI\WebApp.WebUI.csproj", "{FAE5A06D-20F0-455F-BB53-DDB28EA18FBF}"
EndProject
Project("{FAE04EC0-301F-11D3-BF4B-00C04F79EFBC}") = "WebApp.WebUI.Tests", "WebApp.WebUI.Tests\WebApp.WebUI.Tests.csproj", "{83977D40-B331-4D2A-A1B7-F7662715D446}"
EndProject
Global
	GlobalSection(SolutionConfigurationPlatforms) = preSolution
		Debug|Any CPU = Debug|Any CPU
		Release|Any CPU = Release|Any CPU
	EndGlobalSection
	GlobalSection(ProjectConfigurationPlatforms) = postSolution
		{AC4B64D3-2EE3-4665-A8EC-CBA0001853E5}.Debug|Any CPU.ActiveCfg = Debug|Any CPU
		{AC4B64D3-2EE3-4665-A8EC-CBA0001853E5}.Debug|Any CPU.Build.0 = Debug|Any CPU
		{AC4B64D3-2EE3-4665-A8EC-CBA0001853E5}.Release|Any CPU.ActiveCfg = Release|Any CPU
		{AC4B64D3-2EE3-4665-A8EC-CBA0001853E5}.Release|Any CPU.Build.0 = Release|Any CPU
		{DFDDAA64-5608-481E-B02A-5D1443AD7A45}.Debug|Any CPU.ActiveCfg = Debug|Any CPU
		{DFDDAA64-5608-481E-B02A-5D1443AD7A45}.Debug|Any CPU.Build.0 = Debug|Any CPU
		{DFDDAA64-5608-481E-B02A-5D1443AD7A45}.Release|Any CPU.ActiveCfg = Release|Any CPU
		{DFDDAA64-5608-481E-B02A-5D1443AD7A45}.Release|Any CPU.Build.0 = Release|Any CPU
		{0E3ECEA1-60CF-4DF0-8841-A5B47FBC0FE9}.Debug|Any CPU.ActiveCfg = Debug|Any CPU
		{0E3ECEA1-60CF-4DF0-8841-A5B47FBC0FE9}.Debug|Any CPU.Build.0 = Debug|Any CPU
		{0E3ECEA1-60CF-4DF0-8841-A5B47FBC0FE9}.Release|Any CPU.ActiveCfg = Release|Any CPU
		{0E3ECEA1-60CF-4DF0-8841-A5B47FBC0FE9}.Release|Any CPU.Build.0 = Release|Any CPU
		{7166449E-D499-4552-A326-FBC97507BE57}.Debug|Any CPU.ActiveCfg = Debug|Any CPU
		{7166449E-D499-4552-A326-FBC97507BE57}.Debug|Any CPU.Build.0 = Debug|Any CPU
		{7166449E-D499-4552-A326-FBC97507BE57}.Release|Any CPU.ActiveCfg = Release|Any CPU
		{7166449E-D499-4552-A326-FBC97507BE57}.Release|Any CPU.Build.0 = Release|Any CPU
		{FAE5A06D-20F0-455F-BB53-DDB28EA18FBF}.Debug|Any CPU.ActiveCfg = Debug|Any CPU
		{FAE5A06D-20F0-455F-BB53-DDB28EA18FBF}.Debug|Any CPU.Build.0 = Debug|Any CPU
		{FAE5A06D-20F0-455F-BB53-DDB28EA18FBF}.Release|Any CPU.ActiveCfg = Release|Any CPU
		{FAE5A06D-20F0-455F-BB53-DDB28EA18FBF}.Release|Any CPU.Build.0 = Release|Any CPU
		{83977D40-B331-4D2A-A1B7-F7662715D446}.Debug|Any CPU.ActiveCfg = Debug|Any CPU
		{83977D40-B331-4D2A-A1B7-F7662715D446}.Debug|Any CPU.Build.0 = Debug|Any CPU
		{83977D40-B331-4D2A-A1B7-F7662715D446}.Release|Any CPU.ActiveCfg = Release|Any CPU
		{83977D40-B331-4D2A-A1B7-F7662715D446}.Release|Any CPU.Build.0 = Release|Any CPU
	EndGlobalSection
	GlobalSection(SolutionProperties) = preSolution
		HideSolutionNode = FALSE
	EndGlobalSection
	GlobalSection(ExtensibilityGlobals) = postSolution
		SolutionGuid = {5E98EC6E-D1BC-481E-BB0E-14B81F14B342}
	EndGlobalSection
EndGlobal
